
Microsoft Visual Studio Solution File, Format Version 12.00
# Visual Studio 2013
VisualStudioVersion = 12.0.40629.0
MinimumVisualStudioVersion = 10.0.40219.1
Project("{FAE04EC0-301F-11D3-BF4B-00C04F79EFBC}") = "CalculatorApplication", "CalculatorApplication\CalculatorApplication.csproj", "{946FCBAA-0FB8-4866-9235-8B0621ADA967}"
EndProject
Project("{FAE04EC0-301F-11D3-BF4B-00C04F79EFBC}") = "StringApplication", "ConsoleApplication2\StringApplication.csproj", "{D04DF5B0-1F30-457B-94F7-7C851F3F42C1}"
EndProject
Global
	GlobalSection(SolutionConfigurationPlatforms) = preSolution
		Debug|Any CPU = Debug|Any CPU
		Release|Any CPU = Release|Any CPU
	EndGlobalSection
	GlobalSection(ProjectConfigurationPlatforms) = postSolution
		{946FCBAA-0FB8-4866-9235-8B0621ADA967}.Debug|Any CPU.ActiveCfg = Debug|Any CPU
		{946FCBAA-0FB8-4866-9235-8B0621ADA967}.Debug|Any CPU.Build.0 = Debug|Any CPU
		{946FCBAA-0FB8-4866-9235-8B0621ADA967}.Release|Any CPU.ActiveCfg = Release|Any CPU
		{946FCBAA-0FB8-4866-9235-8B0621ADA967}.Release|Any CPU.Build.0 = Release|Any CPU
		{D04DF5B0-1F30-457B-94F7-7C851F3F42C1}.Debug|Any CPU.ActiveCfg = Debug|Any CPU
		{D04DF5B0-1F30-457B-94F7-7C851F3F42C1}.Debug|Any CPU.Build.0 = Debug|Any CPU
		{D04DF5B0-1F30-457B-94F7-7C851F3F42C1}.Release|Any CPU.ActiveCfg = Release|Any CPU
		{D04DF5B0-1F30-457B-94F7-7C851F3F42C1}.Release|Any CPU.Build.0 = Release|Any CPU
	EndGlobalSection
	GlobalSection(SolutionProperties) = preSolution
		HideSolutionNode = FALSE
	EndGlobalSection
EndGlobal
